
Microsoft Visual Studio Solution File, Format Version 12.00
# Visual Studio Version 17
VisualStudioVersion = 17.11.35312.102
MinimumVisualStudioVersion = 10.0.40219.1
Project("{FAE04EC0-301F-11D3-BF4B-00C04F79EFBC}") = "ExerciciAc4", "ExerciciAc4\ExerciciAc4.csproj", "{ACFB898F-657D-4FA1-81A7-5F7B0D741F2F}"
EndProject
Global
	GlobalSection(SolutionConfigurationPlatforms) = preSolution
		Debug|Any CPU = Debug|Any CPU
		Release|Any CPU = Release|Any CPU
	EndGlobalSection
	GlobalSection(ProjectConfigurationPlatforms) = postSolution
		{ACFB898F-657D-4FA1-81A7-5F7B0D741F2F}.Debug|Any CPU.ActiveCfg = Debug|Any CPU
		{ACFB898F-657D-4FA1-81A7-5F7B0D741F2F}.Debug|Any CPU.Build.0 = Debug|Any CPU
		{ACFB898F-657D-4FA1-81A7-5F7B0D741F2F}.Release|Any CPU.ActiveCfg = Release|Any CPU
		{ACFB898F-657D-4FA1-81A7-5F7B0D741F2F}.Release|Any CPU.Build.0 = Release|Any CPU
	EndGlobalSection
	GlobalSection(SolutionProperties) = preSolution
		HideSolutionNode = FALSE
	EndGlobalSection
	GlobalSection(ExtensibilityGlobals) = postSolution
		SolutionGuid = {7C4F4211-E755-4503-BEE4-CBEE534CC7AC}
	EndGlobalSection
EndGlobal
